codeberg.org/totallygamerjet/media v0.3.0 h1:0Z9MtJf9SCFgQrYAEJYgRaucUxl371PylK3JtLXTlN0=
codeberg.org/totallygamerjet/media v0.3.0/go.mod h1:56LXuT/8E8SLvgm1s6a35ChEC2aPySJxT9WMhmzURFI=
codeberg.org/totallygamerjet/media v0.6.1-0.20260824161740-3174e8a5bb6d h1:G4uJrwwHcTTyjFgPAbOynK6BZAFRUASXSiJ0/v73N3w=
codeberg.org/totallygamerjet/media v0.6.1-0.20260824161740-3174e8a5bb6d/go.mod h1:tlJ2yBR0JHO6RgWHrfSdDg1sWel/ToziCB2mzUqgzX4=
github.com/ebitengine/gomobile v0.0.0-20250923094054-ea854a63cce1 h1:+kz5iTT3L7uU+VhlMfTb8hHcxLO3TlaELlX8wa4XjA0=
github.com/ebitengine/gomobile v0.0.0-20250923094054-ea854a63cce1/go.mod h1:lKJoeixeJwnFmYsBny4vvCJGVFc3aYDalhuDsfZzWHI=
github.com/ebitengine/gomobile v0.0.0-20260820040257-d11f821a26a6 h1:Tnc3YtzxhgsvNdNrER9wWkGJbyjOwyUuzjUY5rZK72k=
github.com/ebitengine/gomobile v0.0.0-20260820040257-d11f821a26a6/go.mod h1:gwnFEwdzWZpNehgwkeK4756Ez58f58bXz6bgEAq+xqk=
github.com/ebitengine/hideconsole v1.0.0 h1:5J4U0kXF+pv/DhiXt5/lTz0eO5ogJ1iXb8Yj1yReDqE=
github.com/ebitengine/hideconsole v1.0.0/go.mod h1:hTTBTvVYWKBuxPr7peweneWdkUwEuHuB3C1R/ielR1A=
github.com/ebitengine/oto/v3 v3.4.0 h1:br0PgASsEWaoWn38b2Goe7m1GKFYfNgnsjSd5Gg+/bQ=
github.com/ebitengine/oto/v3 v3.4.0/go.mod h1:IOleLVD0m+CMak3mRVwsYY8vTctQgOM0iiL6S7Ar7eI=
github.com/ebitengine/oto/v3 v3.5.0-alpha.10.0.20260818182929-225f9fc92533 h1:RMML0xs3ELoxdzt2gITSA+YSvH6PcdskBPrM5EbrSGI=
github.com/ebitengine/oto/v3 v3.5.0-alpha.10.0.20260818182929-225f9fc92533/go.mod h1:Tb/8EjmpeSbRl43W4Sp9rFfA1uSWSHHU32KoB5+XtS0=
github.com/ebitengine/purego v0.9.0 h1:mh0zpKBIXDceC63hpvPuGLiJ8ZAa3DfrFTudmfi8A4k=
github.com/ebitengine/purego v0.9.0/go.mod h1:iIjxzd6CiRiOG0UyXP+V1+jWqUXVjPKLAI0mRfJZTmQ=
github.com/ebitengine/purego v0.11.0-alpha.9.0.20260820171431-f2f42023699c h1:vAH+5ABmCTRAhKfGV3aWNP9sw7ZPnPQRRWsjvV040yM=
github.com/ebitengine/purego v0.11.0-alpha.9.0.20260820171431-f2f42023699c/go.mod h1:DCHPP08djqhNSoTfImcnHYQRZmd0qhakvrozqaEYhGQ=
github.com/gen2brain/mpeg v0.5.0 h1:YrY5F5ZQAJCF/ItDHSb0bF5fxwk5IDq/RjOnfFhWurs=
github.com/gen2brain/mpeg v0.5.0/go.mod h1:N37OJKAg3YeMfVqscgraoU6kwusr4pvA8aJK9QWPGiQ=
github.com/gen2brain/mpeg v0.6.2 h1:XLg2NTICP2YtJ7csuJgDG0B4mzc+thcgczGGfbqcEBY=
github.com/gen2brain/mpeg v0.6.2/go.mod h1:N37OJKAg3YeMfVqscgraoU6kwusr4pvA8aJK9QWPGiQ=
github.com/hajimehoshi/ebiten/v2 v2.9.9 h1:JdDag6Ndj12iD4lxQGG8kbsrh7ssj4Sbzth6r929H/M=
github.com/hajimehoshi/ebiten/v2 v2.9.9/go.mod h1:DAt4tnkYYpCvu3x9i1X/nK/vOruNXIlYq/tBXxnhrXM=
github.com/hajimehoshi/ebiten/v2 v2.10.0-alpha.13.0.20260820173118-632591a9ed6b h1:oi81SpO7lB5bBsgmL4UGRZW8YQXkEc7Afzd5J/yV/Ns=
github.com/hajimehoshi/ebiten/v2 v2.10.0-alpha.13.0.20260820173118-632591a9ed6b/go.mod h1:fxhhT6h06WSQUs8hw8L4OzSCrwRiw58pniy3ohHKM64=
github.com/jezek/xgb v1.1.1 h1:bE/r8ZZtSv7l9gk6nU0mYx51aXrvnyb44892TwSaqS4=
github.com/jezek/xgb v1.1.1/go.mod h1:nrhwO0FX/enq75I7Y7G8iN1ubpSGZEiA3v9e9GyRFlk=
github.com/magefile/mage v1.17.1 h1:F1d2lnLSlbQDM0Plq6Ac4NtaHxkxTK8t5nrMY9SkoNA=
github.com/magefile/mage v1.17.1/go.mod h1:Yj51kqllmsgFpvvSzgrZPK9WtluG3kUhFaBUVLo4feA=
golang.org/x/image v0.31.0 h1:mLChjE2MV6g1S7oqbXC0/UcKijjm5fnJLUYKIYrLESA=
golang.org/x/image v0.31.0/go.mod h1:R9ec5Lcp96v9FTF+ajwaH3uGxPH4fKfHHAVbUILxghA=
golang.org/x/image v0.45.0 h1:FMb1nTbH5H9vF55SriQHgFw5GnNL9Jg6L25BwXKzhB0=
golang.org/x/sync v0.17.0 h1:l60nONMj9l5drqw6jlhIELNv9I0A4OFgRsG9k2oT9Ug=
golang.org/x/sync v0.17.0/go.mod h1:9KTHXmSnoGruLpwFjVSX0lNNA75CykiMECbovNTZqGI=
golang.org/x/sync v0.22.0 h1:SZjpbeLmrCk4xhRSZFNZW5gFUeCeFgjekvI/+gfScek=
golang.org/x/sync v0.22.0/go.mod h1:9xrNwdLfx4jkKbNva9FpL6vEN7evnE43NNNJQ2LF3+0=
golang.org/x/sys v0.36.0 h1:KVRy2GtZBrk1cBYA7MKu5bEZFxQk4NIDV6RLVcC8o0k=
golang.org/x/sys v0.36.0/go.mod h1:OgkHotnGiDImocRcuBABYBEXf8A9a87e/uXjp9XT3ks=
golang.org/x/sys v0.47.0 h1:o7XGOvZQCADBQQ4Y7VNq2dRWQR7JmOUW8Kxx4ZsNgWs=
golang.org/x/sys v0.47.0/go.mod h1:4GL1E5IUh+htKOUEOaiffhrAeqysfVGipDYzABqnCmw=
